
Microsoft Visual Studio Solution File, Format Version 12.00
# Visual Studio Version 16
VisualStudioVersion = 16.0.32106.194
MinimumVisualStudioVersion = 10.0.40219.1
Project("{FAE04EC0-301F-11D3-BF4B-00C04F79EFBC}") = "CarpimTablosu", "CarpimTablosu\CarpimTablosu.csproj", "{8C22A4A0-0FE1-4B20-A3E6-CD31C9AC04EC}"
EndProject
Global
	GlobalSection(SolutionConfigurationPlatforms) = preSolution
		Debug|Any CPU = Debug|Any CPU
		Release|Any CPU = Release|Any CPU
	EndGlobalSection
	GlobalSection(ProjectConfigurationPlatforms) = postSolution
		{8C22A4A0-0FE1-4B20-A3E6-CD31C9AC04EC}.Debug|Any CPU.ActiveCfg = Debug|Any CPU
		{8C22A4A0-0FE1-4B20-A3E6-CD31C9AC04EC}.Debug|Any CPU.Build.0 = Debug|Any CPU
		{8C22A4A0-0FE1-4B20-A3E6-CD31C9AC04EC}.Release|Any CPU.ActiveCfg = Release|Any CPU
		{8C22A4A0-0FE1-4B20-A3E6-CD31C9AC04EC}.Release|Any CPU.Build.0 = Release|Any CPU
	EndGlobalSection
	GlobalSection(SolutionProperties) = preSolution
		HideSolutionNode = FALSE
	EndGlobalSection
	GlobalSection(ExtensibilityGlobals) = postSolution
		SolutionGuid = {6D1ED6E9-F181-44FF-B7B9-281E0DFD495E}
	EndGlobalSection
EndGlobal
